
Microsoft Visual Studio Solution File, Format Version 12.00
# Visual Studio Version 17
VisualStudioVersion = 17.10.35122.118
MinimumVisualStudioVersion = 10.0.40219.1
Project("{FAE04EC0-301F-11D3-BF4B-00C04F79EFBC}") = "ContactsManager.App", "ContactsManager.App\ContactsManager.App.csproj", "{BD8661F7-271E-45DF-9161-D878A04F092E}"
EndProject
Project("{FAE04EC0-301F-11D3-BF4B-00C04F79EFBC}") = "ContactsManager.Tests", "ContactsManager.Tests\ContactsManager.Tests.csproj", "{FD6603D2-8A59-4BA7-8840-7EAACA819640}"
EndProject
Project("{FAE04EC0-301F-11D3-BF4B-00C04F79EFBC}") = "ContactsManager.Entities", "ContactsManager.Entities\ContactsManager.Entities.csproj", "{A338B7CB-DCE8-4C22-906E-8178777491DF}"
EndProject
Project("{FAE04EC0-301F-11D3-BF4B-00C04F79EFBC}") = "ContactsManager.ServiceContracts", "ContactsManager.ServiceContracts\ContactsManager.ServiceContracts.csproj", "{59975217-9DB9-4ECB-A8E8-A4314547C23F}"
EndProject
Project("{FAE04EC0-301F-11D3-BF4B-00C04F79EFBC}") = "ContactsManager.Services", "ContactsManager.Services\ContactsManager.Services.csproj", "{02C10907-A639-45D3-8D6C-E4E3330E1988}"
EndProject
Global
	GlobalSection(SolutionConfigurationPlatforms) = preSolution
		Debug|Any CPU = Debug|Any CPU
		Release|Any CPU = Release|Any CPU
	EndGlobalSection
	GlobalSection(ProjectConfigurationPlatforms) = postSolution
		{BD8661F7-271E-45DF-9161-D878A04F092E}.Debug|Any CPU.ActiveCfg = Debug|Any CPU
		{BD8661F7-271E-45DF-9161-D878A04F092E}.Debug|Any CPU.Build.0 = Debug|Any CPU
		{BD8661F7-271E-45DF-9161-D878A04F092E}.Release|Any CPU.ActiveCfg = Release|Any CPU
		{BD8661F7-271E-45DF-9161-D878A04F092E}.Release|Any CPU.Build.0 = Release|Any CPU
		{FD6603D2-8A59-4BA7-8840-7EAACA819640}.Debug|Any CPU.ActiveCfg = Debug|Any CPU
		{FD6603D2-8A59-4BA7-8840-7EAACA819640}.Debug|Any CPU.Build.0 = Debug|Any CPU
		{FD6603D2-8A59-4BA7-8840-7EAACA819640}.Release|Any CPU.ActiveCfg = Release|Any CPU
		{FD6603D2-8A59-4BA7-8840-7EAACA819640}.Release|Any CPU.Build.0 = Release|Any CPU
		{A338B7CB-DCE8-4C22-906E-8178777491DF}.Debug|Any CPU.ActiveCfg = Debug|Any CPU
		{A338B7CB-DCE8-4C22-906E-8178777491DF}.Debug|Any CPU.Build.0 = Debug|Any CPU
		{A338B7CB-DCE8-4C22-906E-8178777491DF}.Release|Any CPU.ActiveCfg = Release|Any CPU
		{A338B7CB-DCE8-4C22-906E-8178777491DF}.Release|Any CPU.Build.0 = Release|Any CPU
		{59975217-9DB9-4ECB-A8E8-A4314547C23F}.Debug|Any CPU.ActiveCfg = Debug|Any CPU
		{59975217-9DB9-4ECB-A8E8-A4314547C23F}.Debug|Any CPU.Build.0 = Debug|Any CPU
		{59975217-9DB9-4ECB-A8E8-A4314547C23F}.Release|Any CPU.ActiveCfg = Release|Any CPU
		{59975217-9DB9-4ECB-A8E8-A4314547C23F}.Release|Any CPU.Build.0 = Release|Any CPU
		{02C10907-A639-45D3-8D6C-E4E3330E1988}.Debug|Any CPU.ActiveCfg = Debug|Any CPU
		{02C10907-A639-45D3-8D6C-E4E3330E1988}.Debug|Any CPU.Build.0 = Debug|Any CPU
		{02C10907-A639-45D3-8D6C-E4E3330E1988}.Release|Any CPU.ActiveCfg = Release|Any CPU
		{02C10907-A639-45D3-8D6C-E4E3330E1988}.Release|Any CPU.Build.0 = Release|Any CPU
	EndGlobalSection
	GlobalSection(SolutionProperties) = preSolution
		HideSolutionNode = FALSE
	EndGlobalSection
	GlobalSection(ExtensibilityGlobals) = postSolution
		SolutionGuid = {58578B22-D298-4719-853D-EC581E61F599}
	EndGlobalSection
EndGlobal
